// !$*UTF8*$!
{
	archiveVersion = 1;
	classes = {
	};
	objectVersion = 46;
	objects = {

/* Begin PBXBuildFile section */
		7D05E6C0184AD96900B7013D /* enemigo2.png in Resources */ = {isa = PBXBuildFile; fileRef = 7D05E6BE184AD96900B7013D /* enemigo2.png */; };
		7D05E6C1184AD96900B7013D /* enemigo1.png in Resources */ = {isa = PBXBuildFile; fileRef = 7D05E6BF184AD96900B7013D /* enemigo1.png */; };
		7D05E6C5184AE13D00B7013D /* misil.png in Resources */ = {isa = PBXBuildFile; fileRef = 7D05E6C4184AE13D00B7013D /* misil.png */; };
		7D407D02184B706C00890F12 /* espacio.png in Resources */ = {isa = PBXBuildFile; fileRef = 7D407D01184B706C00890F12 /* espacio.png */; };
		7DD1FBDB184A8C1700CA707B /* bokeh.sks in Resources */ = {isa = PBXBuildFile; fileRef = 7DD1FBD9184A8C1700CA707B /* bokeh.sks */; };
		7DD1FBE1184A8C6B00CA707B /* fireflies.sks in Resources */ = {isa = PBXBuildFile; fileRef = 7DD1FBE0184A8C6B00CA707B /* fireflies.sks */; };
		7DD1FBE3184A8C8B00CA707B /* magic.sks in Resources */ = {isa = PBXBuildFile; fileRef = 7DD1FBE2184A8C8B00CA707B /* magic.sks */; };
		7DD1FBE5184A8CA300CA707B /* rain.sks in Resources */ = {isa = PBXBuildFile; fileRef = 7DD1FBE4184A8CA300CA707B /* rain.sks */; };
		7DD1FBE7184A8CBE00CA707B /* smoke.sks in Resources */ = {isa = PBXBuildFile; fileRef = 7DD1FBE6184A8CBE00CA707B /* smoke.sks */; };
		7DD1FBE9184A8CDA00CA707B /* snow.sks in Resources */ = {isa = PBXBuildFile; fileRef = 7DD1FBE8184A8CDA00CA707B /* snow.sks */; };
		7DD1FBEB184A8CEF00CA707B /* spark.sks in Resources */ = {isa = PBXBuildFile; fileRef = 7DD1FBEA184A8CEF00CA707B /* spark.sks */; };
		7DD1FBF0184A932D00CA707B /* fire.sks in Resources */ = {isa = PBXBuildFile; fileRef = 7DD1FBEE184A932D00CA707B /* fire.sks */; };
		7DD1FBF1184A932D00CA707B /* spark.png in Resources */ = {isa = PBXBuildFile; fileRef = 7DD1FBEF184A932D00CA707B /* spark.png */; };
		7DF17FAE184A5A710029978E /* Foundation.framework in Frameworks */ = {isa = PBXBuildFile; fileRef = 7DF17FAD184A5A710029978E /* Foundation.framework */; };
		7DF17FB0184A5A710029978E /* CoreGraphics.framework in Frameworks */ = {isa = PBXBuildFile; fileRef = 7DF17FAF184A5A710029978E /* CoreGraphics.framework */; };
		7DF17FB2184A5A710029978E /* UIKit.framework in Frameworks */ = {isa = PBXBuildFile; fileRef = 7DF17FB1184A5A710029978E /* UIKit.framework */; };
		7DF17FB4184A5A710029978E /* SpriteKit.framework in Frameworks */ = {isa = PBXBuildFile; fileRef = 7DF17FB3184A5A710029978E /* SpriteKit.framework */; };
		7DF17FBA184A5A710029978E /* InfoPlist.strings in Resources */ = {isa = PBXBuildFile; fileRef = 7DF17FB8184A5A710029978E /* InfoPlist.strings */; };
		7DF17FBC184A5A710029978E /* main.m in Sources */ = {isa = PBXBuildFile; fileRef = 7DF17FBB184A5A710029978E /* main.m */; };
		7DF17FC0184A5A710029978E /* AppDelegate.m in Sources */ = {isa = PBXBuildFile; fileRef = 7DF17FBF184A5A710029978E /* AppDelegate.m */; };
		7DF17FC3184A5A710029978E /* Main.storyboard in Resources */ = {isa = PBXBuildFile; fileRef = 7DF17FC1184A5A710029978E /* Main.storyboard */; };
		7DF17FC6184A5A710029978E /* ViewController.m in Sources */ = {isa = PBXBuildFile; fileRef = 7DF17FC5184A5A710029978E /* ViewController.m */; };
		7DF17FC9184A5A710029978E /* MyScene.m in Sources */ = {isa = PBXBuildFile; fileRef = 7DF17FC8184A5A710029978E /* MyScene.m */; };
		7DF17FCB184A5A710029978E /* Spaceship.png in Resources */ = {isa = PBXBuildFile; fileRef = 7DF17FCA184A5A710029978E /* Spaceship.png */; };
		7DF17FCD184A5A720029978E /* Images.xcassets in Resources */ = {isa = PBXBuildFile; fileRef = 7DF17FCC184A5A720029978E /* Images.xcassets */; };
		7DF17FD4184A5A720029978E /* XCTest.framework in Frameworks */ = {isa = PBXBuildFile; fileRef = 7DF17FD3184A5A720029978E /* XCTest.framework */; };
		7DF17FD5184A5A720029978E /* Foundation.framework in Frameworks */ = {isa = PBXBuildFile; fileRef = 7DF17FAD184A5A710029978E /* Foundation.framework */; };
		7DF17FD6184A5A720029978E /* UIKit.framework in Frameworks */ = {isa = PBXBuildFile; fileRef = 7DF17FB1184A5A710029978E /* UIKit.framework */; };
		7DF17FDE184A5A720029978E /* InfoPlist.strings in Resources */ = {isa = PBXBuildFile; fileRef = 7DF17FDC184A5A720029978E /* InfoPlist.strings */; };
		7DF17FE0184A5A720029978E /* spriteTests.m in Sources */ = {isa = PBXBuildFile; fileRef = 7DF17FDF184A5A720029978E /* spriteTests.m */; };
/* End PBXBuildFile section */

/* Begin PBXContainerItemProxy section */
		7DF17FD7184A5A720029978E /* PBXContainerItemProxy */ = {
			isa = PBXContainerItemProxy;
			containerPortal = 7DF17FA2184A5A710029978E /* Project object */;
			proxyType = 1;
			remoteGlobalIDString = 7DF17FA9184A5A710029978E;
			remoteInfo = sprite;
		};
/* End PBXContainerItemProxy section */

/* Begin PBXFileReference section */
		7D05E6BE184AD96900B7013D /* enemigo2.png */ = {isa = PBXFileReference; lastKnownFileType = image.png; path = enemigo2.png; sourceTree = "<group>"; };
		7D05E6BF184AD96900B7013D /* enemigo1.png */ = {isa = PBXFileReference; lastKnownFileType = image.png; path = enemigo1.png; sourceTree = "<group>"; };
		7D05E6C4184AE13D00B7013D /* misil.png */ = {isa = PBXFileReference; lastKnownFileType = image.png; path = misil.png; sourceTree = "<group>"; };
		7D407D01184B706C00890F12 /* espacio.png */ = {isa = PBXFileReference; lastKnownFileType = image.png; path = espacio.png; sourceTree = "<group>"; };
		7DD1FBD9184A8C1700CA707B /* bokeh.sks */ = {isa = PBXFileReference; lastKnownFileType = file.sks; path = bokeh.sks; sourceTree = "<group>"; };
		7DD1FBE0184A8C6B00CA707B /* fireflies.sks */ = {isa = PBXFileReference; lastKnownFileType = file.sks; path = fireflies.sks; sourceTree = "<group>"; };
		7DD1FBE2184A8C8B00CA707B /* magic.sks */ = {isa = PBXFileReference; lastKnownFileType = file.sks; path = magic.sks; sourceTree = "<group>"; };
		7DD1FBE4184A8CA300CA707B /* rain.sks */ = {isa = PBXFileReference; lastKnownFileType = file.sks; path = rain.sks; sourceTree = "<group>"; };
		7DD1FBE6184A8CBE00CA707B /* smoke.sks */ = {isa = PBXFileReference; lastKnownFileType = file.sks; path = smoke.sks; sourceTree = "<group>"; };
		7DD1FBE8184A8CDA00CA707B /* snow.sks */ = {isa = PBXFileReference; lastKnownFileType = file.sks; path = snow.sks; sourceTree = "<group>"; };
		7DD1FBEA184A8CEF00CA707B /* spark.sks */ = {isa = PBXFileReference; lastKnownFileType = file.sks; path = spark.sks; sourceTree = "<group>"; };
		7DD1FBEE184A932D00CA707B /* fire.sks */ = {isa = PBXFileReference; lastKnownFileType = file.sks; path = fire.sks; sourceTree = "<group>"; };
		7DD1FBEF184A932D00CA707B /* spark.png */ = {isa = PBXFileReference; lastKnownFileType = image.png; path = spark.png; sourceTree = "<group>"; };
		7DF17FAA184A5A710029978E /* sprite.app */ = {isa = PBXFileReference; explicitFileType = wrapper.application; includeInIndex = 0; path = sprite.app; sourceTree = BUILT_PRODUCTS_DIR; };
		7DF17FAD184A5A710029978E /* Foundation.framework */ = {isa = PBXFileReference; lastKnownFileType = wrapper.framework; name = Foundation.framework; path = System/Library/Frameworks/Foundation.framework; sourceTree = SDKROOT; };
		7DF17FAF184A5A710029978E /* CoreGraphics.framework */ = {isa = PBXFileReference; lastKnownFileType = wrapper.framework; name = CoreGraphics.framework; path = System/Library/Frameworks/CoreGraphics.framework; sourceTree = SDKROOT; };
		7DF17FB1184A5A710029978E /* UIKit.framework */ = {isa = PBXFileReference; lastKnownFileType = wrapper.framework; name = UIKit.framework; path = System/Library/Frameworks/UIKit.framework; sourceTree = SDKROOT; };
		7DF17FB3184A5A710029978E /* SpriteKit.framework */ = {isa = PBXFileReference; lastKnownFileType = wrapper.framework; name = SpriteKit.framework; path = System/Library/Frameworks/SpriteKit.framework; sourceTree = SDKROOT; };
		7DF17FB7184A5A710029978E /* sprite-Info.plist */ = {isa = PBXFileReference; lastKnownFileType = text.plist.xml; path = "sprite-Info.plist"; sourceTree = "<group>"; };
		7DF17FB9184A5A710029978E /* en */ = {isa = PBXFileReference; lastKnownFileType = text.plist.strings; name = en; path = en.lproj/InfoPlist.strings; sourceTree = "<group>"; };
		7DF17FBB184A5A710029978E /* main.m */ = {isa = PBXFileReference; lastKnownFileType = sourcecode.c.objc; path = main.m; sourceTree = "<group>"; };
		7DF17FBD184A5A710029978E /* sprite-Prefix.pch */ = {isa = PBXFileReference; lastKnownFileType = sourcecode.c.h; path = "sprite-Prefix.pch"; sourceTree = "<group>"; };
		7DF17FBE184A5A710029978E /* AppDelegate.h */ = {isa = PBXFileReference; lastKnownFileType = sourcecode.c.h; path = AppDelegate.h; sourceTree = "<group>"; };
		7DF17FBF184A5A710029978E /* AppDelegate.m */ = {isa = PBXFileReference; lastKnownFileType = sourcecode.c.objc; path = AppDelegate.m; sourceTree = "<group>"; };
		7DF17FC2184A5A710029978E /* Base */ = {isa = PBXFileReference; lastKnownFileType = file.storyboard; name = Base; path = Base.lproj/Main.storyboard; sourceTree = "<group>"; };
		7DF17FC4184A5A710029978E /* ViewController.h */ = {isa = PBXFileReference; lastKnownFileType = sourcecode.c.h; path = ViewController.h; sourceTree = "<group>"; };
		7DF17FC5184A5A710029978E /* ViewController.m */ = {isa = PBXFileReference; lastKnownFileType = sourcecode.c.objc; path = ViewController.m; sourceTree = "<group>"; };
		7DF17FC7184A5A710029978E /* MyScene.h */ = {isa = PBXFileReference; lastKnownFileType = sourcecode.c.h; path = MyScene.h; sourceTree = "<group>"; };
		7DF17FC8184A5A710029978E /* MyScene.m */ = {isa = PBXFileReference; lastKnownFileType = sourcecode.c.objc; path = MyScene.m; sourceTree = "<group>"; };
		7DF17FCA184A5A710029978E /* Spaceship.png */ = {isa = PBXFileReference; lastKnownFileType = image.png; path = Spaceship.png; sourceTree = "<group>"; };
		7DF17FCC184A5A720029978E /* Images.xcassets */ = {isa = PBXFileReference; lastKnownFileType = folder.assetcatalog; path = Images.xcassets; sourceTree = "<group>"; };
		7DF17FD2184A5A720029978E /* spriteTests.xctest */ = {isa = PBXFileReference; explicitFileType = wrapper.cfbundle; includeInIndex = 0; path = spriteTests.xctest; sourceTree = BUILT_PRODUCTS_DIR; };
		7DF17FD3184A5A720029978E /* XCTest.framework */ = {isa = PBXFileReference; lastKnownFileType = wrapper.framework; name = XCTest.framework; path = Library/Frameworks/XCTest.framework; sourceTree = DEVELOPER_DIR; };
		7DF17FDB184A5A720029978E /* spriteTests-Info.plist */ = {isa = PBXFileReference; lastKnownFileType = text.plist.xml; path = "spriteTests-Info.plist"; sourceTree = "<group>"; };
		7DF17FDD184A5A720029978E /* en */ = {isa = PBXFileReference; lastKnownFileType = text.plist.strings; name = en; path = en.lproj/InfoPlist.strings; sourceTree = "<group>"; };
		7DF17FDF184A5A720029978E /* spriteTests.m */ = {isa = PBXFileReference; lastKnownFileType = sourcecode.c.objc; path = spriteTests.m; sourceTree = "<group>"; };
/* End PBXFileReference section */

/* Begin PBXFrameworksBuildPhase section */
		7DF17FA7184A5A710029978E /* Frameworks */ = {
			isa = PBXFrameworksBuildPhase;
			buildActionMask = 2147483647;
			files = (
				7DF17FB0184A5A710029978E /* CoreGraphics.framework in Frameworks */,
				7DF17FB2184A5A710029978E /* UIKit.framework in Frameworks */,
				7DF17FB4184A5A710029978E /* SpriteKit.framework in Frameworks */,
				7DF17FAE184A5A710029978E /* Foundation.framework in Frameworks */,
			);
			runOnlyForDeploymentPostprocessing = 0;
		};
		7DF17FCF184A5A720029978E /* Frameworks */ = {
			isa = PBXFrameworksBuildPhase;
			buildActionMask = 2147483647;
			files = (
				7DF17FD4184A5A720029978E /* XCTest.framework in Frameworks */,
				7DF17FD6184A5A720029978E /* UIKit.framework in Frameworks */,
				7DF17FD5184A5A720029978E /* Foundation.framework in Frameworks */,
			);
			runOnlyForDeploymentPostprocessing = 0;
		};
/* End PBXFrameworksBuildPhase section */

/* Begin PBXGroup section */
		7D05E6B9184AD2D200B7013D /* imagenes */ = {
			isa = PBXGroup;
			children = (
				7D05E6BE184AD96900B7013D /* enemigo2.png */,
				7D05E6BF184AD96900B7013D /* enemigo1.png */,
				7D05E6C4184AE13D00B7013D /* misil.png */,
				7D407D01184B706C00890F12 /* espacio.png */,
			);
			name = imagenes;
			sourceTree = "<group>";
		};
		7DD1FBDD184A8C2B00CA707B /* Particulas */ = {
			isa = PBXGroup;
			children = (
				7DD1FBD9184A8C1700CA707B /* bokeh.sks */,
				7DD1FBE0184A8C6B00CA707B /* fireflies.sks */,
				7DD1FBE2184A8C8B00CA707B /* magic.sks */,
				7DD1FBE4184A8CA300CA707B /* rain.sks */,
				7DD1FBE6184A8CBE00CA707B /* smoke.sks */,
				7DD1FBE8184A8CDA00CA707B /* snow.sks */,
				7DD1FBEA184A8CEF00CA707B /* spark.sks */,
				7DD1FBEE184A932D00CA707B /* fire.sks */,
				7DD1FBEF184A932D00CA707B /* spark.png */,
			);
			name = Particulas;
			sourceTree = "<group>";
		};
		7DF17FA1184A5A710029978E = {
			isa = PBXGroup;
			children = (
				7D05E6B9184AD2D200B7013D /* imagenes */,
				7DF17FB5184A5A710029978E /* sprite */,
				7DF17FD9184A5A720029978E /* spriteTests */,
				7DF17FAC184A5A710029978E /* Frameworks */,
				7DF17FAB184A5A710029978E /* Products */,
			);
			sourceTree = "<group>";
		};
		7DF17FAB184A5A710029978E /* Products */ = {
			isa = PBXGroup;
			children = (
				7DF17FAA184A5A710029978E /* sprite.app */,
				7DF17FD2184A5A720029978E /* spriteTests.xctest */,
			);
			name = Products;
			sourceTree = "<group>";
		};
		7DF17FAC184A5A710029978E /* Frameworks */ = {
			isa = PBXGroup;
			children = (
				7DF17FAD184A5A710029978E /* Foundation.framework */,
				7DF17FAF184A5A710029978E /* CoreGraphics.framework */,
				7DF17FB1184A5A710029978E /* UIKit.framework */,
				7DF17FB3184A5A710029978E /* SpriteKit.framework */,
				7DF17FD3184A5A720029978E /* XCTest.framework */,
			);
			name = Frameworks;
			sourceTree = "<group>";
		};
		7DF17FB5184A5A710029978E /* sprite */ = {
			isa = PBXGroup;
			children = (
				7DF17FBE184A5A710029978E /* AppDelegate.h */,
				7DF17FBF184A5A710029978E /* AppDelegate.m */,
				7DF17FC1184A5A710029978E /* Main.storyboard */,
				7DF17FC4184A5A710029978E /* ViewController.h */,
				7DF17FC5184A5A710029978E /* ViewController.m */,
				7DF17FC7184A5A710029978E /* MyScene.h */,
				7DF17FC8184A5A710029978E /* MyScene.m */,
				7DD1FBDD184A8C2B00CA707B /* Particulas */,
				7DF17FCA184A5A710029978E /* Spaceship.png */,
				7DF17FCC184A5A720029978E /* Images.xcassets */,
				7DF17FB6184A5A710029978E /* Supporting Files */,
			);
			path = sprite;
			sourceTree = "<group>";
		};
		7DF17FB6184A5A710029978E /* Supporting Files */ = {
			isa = PBXGroup;
			children = (
				7DF17FB7184A5A710029978E /* sprite-Info.plist */,
				7DF17FB8184A5A710029978E /* InfoPlist.strings */,
				7DF17FBB184A5A710029978E /* main.m */,
				7DF17FBD184A5A710029978E /* sprite-Prefix.pch */,
			);
			name = "Supporting Files";
			sourceTree = "<group>";
		};
		7DF17FD9184A5A720029978E /* spriteTests */ = {
			isa = PBXGroup;
			children = (
				7DF17FDF184A5A720029978E /* spriteTests.m */,
				7DF17FDA184A5A720029978E /* Supporting Files */,
			);
			path = spriteTests;
			sourceTree = "<group>";
		};
		7DF17FDA184A5A720029978E /* Supporting Files */ = {
			isa = PBXGroup;
			children = (
				7DF17FDB184A5A720029978E /* spriteTests-Info.plist */,
				7DF17FDC184A5A720029978E /* InfoPlist.strings */,
			);
			name = "Supporting Files";
			sourceTree = "<group>";
		};
/* End PBXGroup section */

/* Begin PBXNativeTarget section */
		7DF17FA9184A5A710029978E /* sprite */ = {
			isa = PBXNativeTarget;
			buildConfigurationList = 7DF17FE3184A5A720029978E /* Build configuration list for PBXNativeTarget "sprite" */;
			buildPhases = (
				7DF17FA6184A5A710029978E /* Sources */,
				7DF17FA7184A5A710029978E /* Frameworks */,
				7DF17FA8184A5A710029978E /* Resources */,
			);
			buildRules = (
			);
			dependencies = (
			);
			name = sprite;
			productName = sprite;
			productReference = 7DF17FAA184A5A710029978E /* sprite.app */;
			productType = "com.apple.product-type.application";
		};
		7DF17FD1184A5A720029978E /* spriteTests */ = {
			isa = PBXNativeTarget;
			buildConfigurationList = 7DF17FE6184A5A720029978E /* Build configuration list for PBXNativeTarget "spriteTests" */;
			buildPhases = (
				7DF17FCE184A5A720029978E /* Sources */,
				7DF17FCF184A5A720029978E /* Frameworks */,
				7DF17FD0184A5A720029978E /* Resources */,
			);
			buildRules = (
			);
			dependencies = (
				7DF17FD8184A5A720029978E /* PBXTargetDependency */,
			);
			name = spriteTests;
			productName = spriteTests;
			productReference = 7DF17FD2184A5A720029978E /* spriteTests.xctest */;
			productType = "com.apple.product-type.bundle.unit-test";
		};
/* End PBXNativeTarget section */

/* Begin PBXProject section */
		7DF17FA2184A5A710029978E /* Project object */ = {
			isa = PBXProject;
			attributes = {
				LastUpgradeCheck = 0510;
				ORGANIZATIONNAME = LLBER;
				TargetAttributes = {
					7DF17FD1184A5A720029978E = {
						TestTargetID = 7DF17FA9184A5A710029978E;
					};
				};
			};
			buildConfigurationList = 7DF17FA5184A5A710029978E /* Build configuration list for PBXProject "sprite" */;
			compatibilityVersion = "Xcode 3.2";
			developmentRegion = English;
			hasScannedForEncodings = 0;
			knownRegions = (
				en,
				Base,
			);
			mainGroup = 7DF17FA1184A5A710029978E;
			productRefGroup = 7DF17FAB184A5A710029978E /* Products */;
			projectDirPath = "";
			projectRoot = "";
			targets = (
				7DF17FA9184A5A710029978E /* sprite */,
				7DF17FD1184A5A720029978E /* spriteTests */,
			);
		};
/* End PBXProject section */

/* Begin PBXResourcesBuildPhase section */
		7DF17FA8184A5A710029978E /* Resources */ = {
			isa = PBXResourcesBuildPhase;
			buildActionMask = 2147483647;
			files = (
				7DF17FBA184A5A710029978E /* InfoPlist.strings in Resources */,
				7D05E6C1184AD96900B7013D /* enemigo1.png in Resources */,
				7DD1FBE1184A8C6B00CA707B /* fireflies.sks in Resources */,
				7DD1FBE3184A8C8B00CA707B /* magic.sks in Resources */,
				7D05E6C0184AD96900B7013D /* enemigo2.png in Resources */,
				7DD1FBDB184A8C1700CA707B /* bokeh.sks in Resources */,
				7DD1FBEB184A8CEF00CA707B /* spark.sks in Resources */,
				7D407D02184B706C00890F12 /* espacio.png in Resources */,
				7DD1FBF1184A932D00CA707B /* spark.png in Resources */,
				7DD1FBF0184A932D00CA707B /* fire.sks in Resources */,
				7DD1FBE5184A8CA300CA707B /* rain.sks in Resources */,
				7D05E6C5184AE13D00B7013D /* misil.png in Resources */,
				7DD1FBE9184A8CDA00CA707B /* snow.sks in Resources */,
				7DF17FCD184A5A720029978E /* Images.xcassets in Resources */,
				7DF17FCB184A5A710029978E /* Spaceship.png in Resources */,
				7DD1FBE7184A8CBE00CA707B /* smoke.sks in Resources */,
				7DF17FC3184A5A710029978E /* Main.storyboard in Resources */,
			);
			runOnlyForDeploymentPostprocessing = 0;
		};
		7DF17FD0184A5A720029978E /* Resources */ = {
			isa = PBXResourcesBuildPhase;
			buildActionMask = 2147483647;
			files = (
				7DF17FDE184A5A720029978E /* InfoPlist.strings in Resources */,
			);
			runOnlyForDeploymentPostprocessing = 0;
		};
/* End PBXResourcesBuildPhase section */

/* Begin PBXSourcesBuildPhase section */
		7DF17FA6184A5A710029978E /* Sources */ = {
			isa = PBXSourcesBuildPhase;
			buildActionMask = 2147483647;
			files = (
				7DF17FC9184A5A710029978E /* MyScene.m in Sources */,
				7DF17FC6184A5A710029978E /* ViewController.m in Sources */,
				7DF17FC0184A5A710029978E /* AppDelegate.m in Sources */,
				7DF17FBC184A5A710029978E /* main.m in Sources */,
			);
			runOnlyForDeploymentPostprocessing = 0;
		};
		7DF17FCE184A5A720029978E /* Sources */ = {
			isa = PBXSourcesBuildPhase;
			buildActionMask = 2147483647;
			files = (
				7DF17FE0184A5A720029978E /* spriteTests.m in Sources */,
			);
			runOnlyForDeploymentPostprocessing = 0;
		};
/* End PBXSourcesBuildPhase section */

/* Begin PBXTargetDependency section */
		7DF17FD8184A5A720029978E /* PBXTargetDependency */ = {
			isa = PBXTargetDependency;
			target = 7DF17FA9184A5A710029978E /* sprite */;
			targetProxy = 7DF17FD7184A5A720029978E /* PBXContainerItemProxy */;
		};
/* End PBXTargetDependency section */

/* Begin PBXVariantGroup section */
		7DF17FB8184A5A710029978E /* InfoPlist.strings */ = {
			isa = PBXVariantGroup;
			children = (
				7DF17FB9184A5A710029978E /* en */,
			);
			name = InfoPlist.strings;
			sourceTree = "<group>";
		};
		7DF17FC1184A5A710029978E /* Main.storyboard */ = {
			isa = PBXVariantGroup;
			children = (
				7DF17FC2184A5A710029978E /* Base */,
			);
			name = Main.storyboard;
			sourceTree = "<group>";
		};
		7DF17FDC184A5A720029978E /* InfoPlist.strings */ = {
			isa = PBXVariantGroup;
			children = (
				7DF17FDD184A5A720029978E /* en */,
			);
			name = InfoPlist.strings;
			sourceTree = "<group>";
		};
/* End PBXVariantGroup section */

/* Begin XCBuildConfiguration section */
		7DF17FE1184A5A720029978E /* Debug */ = {
			isa = XCBuildConfiguration;
			buildSettings = {
				ALWAYS_SEARCH_USER_PATHS = NO;
				ARCHS = "$(ARCHS_STANDARD_INCLUDING_64_BIT)";
				CLANG_CXX_LANGUAGE_STANDARD = "gnu++0x";
				CLANG_CXX_LIBRARY = "libc++";
				CLANG_ENABLE_MODULES = YES;
				CLANG_ENABLE_OBJC_ARC = YES;
				CLANG_WARN_BOOL_CONVERSION = YES;
				CLANG_WARN_CONSTANT_CONVERSION = YES;
				CLANG_WARN_DIRECT_OBJC_ISA_USAGE = YES_ERROR;
				CLANG_WARN_EMPTY_BODY = YES;
				CLANG_WARN_ENUM_CONVERSION = YES;
				CLANG_WARN_INT_CONVERSION = YES;
				CLANG_WARN_OBJC_ROOT_CLASS = YES_ERROR;
				CLANG_WARN__DUPLICATE_METHOD_MATCH = YES;
				"CODE_SIGN_IDENTITY[sdk=iphoneos*]" = "iPhone Developer";
				COPY_PHASE_STRIP = NO;
				GCC_C_LANGUAGE_STANDARD = gnu99;
				GCC_DYNAMIC_NO_PIC = NO;
				GCC_OPTIMIZATION_LEVEL = 0;
				GCC_PREPROCESSOR_DEFINITIONS = (
					"DEBUG=1",
					"$(inherited)",
				);
				GCC_SYMBOLS_PRIVATE_EXTERN = NO;
				GCC_WARN_64_TO_32_BIT_CONVERSION = YES;
				GCC_WARN_ABOUT_RETURN_TYPE = YES_ERROR;
				GCC_WARN_UNDECLARED_SELECTOR = YES;
				GCC_WARN_UNINITIALIZED_AUTOS = YES_AGGRESSIVE;
				GCC_WARN_UNUSED_FUNCTION = YES;
				GCC_WARN_UNUSED_VARIABLE = YES;
				IPHONEOS_DEPLOYMENT_TARGET = 7.1;
				ONLY_ACTIVE_ARCH = YES;
				SDKROOT = iphoneos;
			};
			name = Debug;
		};
		7DF17FE2184A5A720029978E /* Release */ = {
			isa = XCBuildConfiguration;
			buildSettings = {
				ALWAYS_SEARCH_USER_PATHS = NO;
				ARCHS = "$(ARCHS_STANDARD_INCLUDING_64_BIT)";
				CLANG_CXX_LANGUAGE_STANDARD = "gnu++0x";
				CLANG_CXX_LIBRARY = "libc++";
				CLANG_ENABLE_MODULES = YES;
				CLANG_ENABLE_OBJC_ARC = YES;
				CLANG_WARN_BOOL_CONVERSION = YES;
				CLANG_WARN_CONSTANT_CONVERSION = YES;
				CLANG_WARN_DIRECT_OBJC_ISA_USAGE = YES_ERROR;
				CLANG_WARN_EMPTY_BODY = YES;
				CLANG_WARN_ENUM_CONVERSION = YES;
				CLANG_WARN_INT_CONVERSION = YES;
				CLANG_WARN_OBJC_ROOT_CLASS = YES_ERROR;
				CLANG_WARN__DUPLICATE_METHOD_MATCH = YES;
				"CODE_SIGN_IDENTITY[sdk=iphoneos*]" = "iPhone Developer";
				COPY_PHASE_STRIP = YES;
				ENABLE_NS_ASSERTIONS = NO;
				GCC_C_LANGUAGE_STANDARD = gnu99;
				GCC_WARN_64_TO_32_BIT_CONVERSION = YES;
				GCC_WARN_ABOUT_RETURN_TYPE = YES_ERROR;
				GCC_WARN_UNDECLARED_SELECTOR = YES;
				GCC_WARN_UNINITIALIZED_AUTOS = YES_AGGRESSIVE;
				GCC_WARN_UNUSED_FUNCTION = YES;
				GCC_WARN_UNUSED_VARIABLE = YES;
				IPHONEOS_DEPLOYMENT_TARGET = 7.1;
				SDKROOT = iphoneos;
				VALIDATE_PRODUCT = YES;
			};
			name = Release;
		};
		7DF17FE4184A5A720029978E /* Debug */ = {
			isa = XCBuildConfiguration;
			buildSettings = {
				ASSETCATALOG_COMPILER_APPICON_NAME = AppIcon;
				ASSETCATALOG_COMPILER_LAUNCHIMAGE_NAME = LaunchImage;
				GCC_PRECOMPILE_PREFIX_HEADER = YES;
				GCC_PREFIX_HEADER = "sprite/sprite-Prefix.pch";
				INFOPLIST_FILE = "sprite/sprite-Info.plist";
				IPHONEOS_DEPLOYMENT_TARGET = 7.0;
				PRODUCT_NAME = "$(TARGET_NAME)";
				SPRITEKIT_TEXTURE_ATLAS_OUTPUT = YES;
				WRAPPER_EXTENSION = app;
			};
			name = Debug;
		};
		7DF17FE5184A5A720029978E /* Release */ = {
			isa = XCBuildConfiguration;
			buildSettings = {
				ASSETCATALOG_COMPILER_APPICON_NAME = AppIcon;
				ASSETCATALOG_COMPILER_LAUNCHIMAGE_NAME = LaunchImage;
				GCC_PRECOMPILE_PREFIX_HEADER = YES;
				GCC_PREFIX_HEADER = "sprite/sprite-Prefix.pch";
				INFOPLIST_FILE = "sprite/sprite-Info.plist";
				IPHONEOS_DEPLOYMENT_TARGET = 7.0;
				PRODUCT_NAME = "$(TARGET_NAME)";
				SPRITEKIT_TEXTURE_ATLAS_OUTPUT = YES;
				WRAPPER_EXTENSION = app;
			};
			name = Release;
		};
		7DF17FE7184A5A720029978E /* Debug */ = {
			isa = XCBuildConfiguration;
			buildSettings = {
				ARCHS = "$(ARCHS_STANDARD_INCLUDING_64_BIT)";
				BUNDLE_LOADER = "$(BUILT_PRODUCTS_DIR)/sprite.app/sprite";
				FRAMEWORK_SEARCH_PATHS = (
					"$(SDKROOT)/Developer/Library/Frameworks",
					"$(inherited)",
					"$(DEVELOPER_FRAMEWORKS_DIR)",
				);
				GCC_PRECOMPILE_PREFIX_HEADER = YES;
				GCC_PREFIX_HEADER = "sprite/sprite-Prefix.pch";
				GCC_PREPROCESSOR_DEFINITIONS = (
					"DEBUG=1",
					"$(inherited)",
				);
				INFOPLIST_FILE = "spriteTests/spriteTests-Info.plist";
				IPHONEOS_DEPLOYMENT_TARGET = 7.0;
				PRODUCT_NAME = "$(TARGET_NAME)";
				TEST_HOST = "$(BUNDLE_LOADER)";
				WRAPPER_EXTENSION = xctest;
			};
			name = Debug;
		};
		7DF17FE8184A5A720029978E /* Release */ = {
			isa = XCBuildConfiguration;
			buildSettings = {
				ARCHS = "$(ARCHS_STANDARD_INCLUDING_64_BIT)";
				BUNDLE_LOADER = "$(BUILT_PRODUCTS_DIR)/sprite.app/sprite";
				FRAMEWORK_SEARCH_PATHS = (
					"$(SDKROOT)/Developer/Library/Frameworks",
					"$(inherited)",
					"$(DEVELOPER_FRAMEWORKS_DIR)",
				);
				GCC_PRECOMPILE_PREFIX_HEADER = YES;
				GCC_PREFIX_HEADER = "sprite/sprite-Prefix.pch";
				INFOPLIST_FILE = "spriteTests/spriteTests-Info.plist";
				IPHONEOS_DEPLOYMENT_TARGET = 7.0;
				PRODUCT_NAME = "$(TARGET_NAME)";
				TEST_HOST = "$(BUNDLE_LOADER)";
				WRAPPER_EXTENSION = xctest;
			};
			name = Release;
		};
/* End XCBuildConfiguration section */

/* Begin XCConfigurationList section */
		7DF17FA5184A5A710029978E /* Build configuration list for PBXProject "sprite" */ = {
			isa = XCConfigurationList;
			buildConfigurations = (
				7DF17FE1184A5A720029978E /* Debug */,
				7DF17FE2184A5A720029978E /* Release */,
			);
			defaultConfigurationIsVisible = 0;
			defaultConfigurationName = Release;
		};
		7DF17FE3184A5A720029978E /* Build configuration list for PBXNativeTarget "sprite" */ = {
			isa = XCConfigurationList;
			buildConfigurations = (
				7DF17FE4184A5A720029978E /* Debug */,
				7DF17FE5184A5A720029978E /* Release */,
			);
			defaultConfigurationIsVisible = 0;
			defaultConfigurationName = Release;
		};
		7DF17FE6184A5A720029978E /* Build configuration list for PBXNativeTarget "spriteTests" */ = {
			isa = XCConfigurationList;
			buildConfigurations = (
				7DF17FE7184A5A720029978E /* Debug */,
				7DF17FE8184A5A720029978E /* Release */,
			);
			defaultConfigurationIsVisible = 0;
			defaultConfigurationName = Release;
		};
/* End XCConfigurationList section */
	};
	rootObject = 7DF17FA2184A5A710029978E /* Project object */;
}
